
Microsoft Visual Studio Solution File, Format Version 12.00
# Visual Studio Version 17
VisualStudioVersion = 17.4.33103.184
MinimumVisualStudioVersion = 10.0.40219.1
Project("{8BC9CEB8-8B4A-11D0-8D11-00A0C91BC942}") = "ChMTvorcheskoe1", "ChMTvorcheskoe1\ChMTvorcheskoe1.vcxproj", "{EA8D074E-E3B7-4EF0-B0C8-267F2DC51881}"
EndProject
Global
	GlobalSection(SolutionConfigurationPlatforms) = preSolution
		Debug|x64 = Debug|x64
		Debug|x86 = Debug|x86
		Release|x64 = Release|x64
		Release|x86 = Release|x86
	EndGlobalSection
	GlobalSection(ProjectConfigurationPlatforms) = postSolution
		{EA8D074E-E3B7-4EF0-B0C8-267F2DC51881}.Debug|x64.ActiveCfg = Debug|x64
		{EA8D074E-E3B7-4EF0-B0C8-267F2DC51881}.Debug|x64.Build.0 = Debug|x64
		{EA8D074E-E3B7-4EF0-B0C8-267F2DC51881}.Debug|x86.ActiveCfg = Debug|Win32
		{EA8D074E-E3B7-4EF0-B0C8-267F2DC51881}.Debug|x86.Build.0 = Debug|Win32
		{EA8D074E-E3B7-4EF0-B0C8-267F2DC51881}.Release|x64.ActiveCfg = Release|x64
		{EA8D074E-E3B7-4EF0-B0C8-267F2DC51881}.Release|x64.Build.0 = Release|x64
		{EA8D074E-E3B7-4EF0-B0C8-267F2DC51881}.Release|x86.ActiveCfg = Release|Win32
		{EA8D074E-E3B7-4EF0-B0C8-267F2DC51881}.Release|x86.Build.0 = Release|Win32
	EndGlobalSection
	GlobalSection(SolutionProperties) = preSolution
		HideSolutionNode = FALSE
	EndGlobalSection
	GlobalSection(ExtensibilityGlobals) = postSolution
		SolutionGuid = {866F101C-C9ED-42A4-8188-8A10B8B980F8}
	EndGlobalSection
EndGlobal
